
Microsoft Visual Studio Solution File, Format Version 12.00
# Visual Studio Version 17
VisualStudioVersion = 17.7.34024.191
MinimumVisualStudioVersion = 10.0.40219.1
Project("{9A19103F-16F7-4668-BE54-9A1E7A4F7556}") = "InMemoryApp.Web", "InMemoryApp.Web\InMemoryApp.Web.csproj", "{200ADECC-0189-4F73-9CCA-36F64FA278E0}"
EndProject
Project("{9A19103F-16F7-4668-BE54-9A1E7A4F7556}") = "IDistributedCacheRedisApp.Web", "IDistributedCacheRedisApp.Web\IDistributedCacheRedisApp.Web.csproj", "{E601E5B8-5689-4931-9F00-0459E26B7139}"
EndProject
Project("{9A19103F-16F7-4668-BE54-9A1E7A4F7556}") = "RedisExchangeAPI.Web", "RedisExchangeAPI.Web\RedisExchangeAPI.Web.csproj", "{755FEDB5-4C62-410B-8A5F-4072C72A025E}"
EndProject
Project("{9A19103F-16F7-4668-BE54-9A1E7A4F7556}") = "Redis.API", "Redis.API\Redis.API.csproj", "{9B86DDDD-435A-4C33-B97F-C5CDC928ACAA}"
EndProject
Project("{FAE04EC0-301F-11D3-BF4B-00C04F79EFBC}") = "RedisExampleApp.Cache", "RedisExampleApp.Cache\RedisExampleApp.Cache.csproj", "{762B5BB1-9143-4B5E-A38B-3354A95D42FF}"
EndProject
Global
	GlobalSection(SolutionConfigurationPlatforms) = preSolution
		Debug|Any CPU = Debug|Any CPU
		Release|Any CPU = Release|Any CPU
	EndGlobalSection
	GlobalSection(ProjectConfigurationPlatforms) = postSolution
		{200ADECC-0189-4F73-9CCA-36F64FA278E0}.Debug|Any CPU.ActiveCfg = Debug|Any CPU
		{200ADECC-0189-4F73-9CCA-36F64FA278E0}.Debug|Any CPU.Build.0 = Debug|Any CPU
		{200ADECC-0189-4F73-9CCA-36F64FA278E0}.Release|Any CPU.ActiveCfg = Release|Any CPU
		{200ADECC-0189-4F73-9CCA-36F64FA278E0}.Release|Any CPU.Build.0 = Release|Any CPU
		{E601E5B8-5689-4931-9F00-0459E26B7139}.Debug|Any CPU.ActiveCfg = Debug|Any CPU
		{E601E5B8-5689-4931-9F00-0459E26B7139}.Debug|Any CPU.Build.0 = Debug|Any CPU
		{E601E5B8-5689-4931-9F00-0459E26B7139}.Release|Any CPU.ActiveCfg = Release|Any CPU
		{E601E5B8-5689-4931-9F00-0459E26B7139}.Release|Any CPU.Build.0 = Release|Any CPU
		{755FEDB5-4C62-410B-8A5F-4072C72A025E}.Debug|Any CPU.ActiveCfg = Debug|Any CPU
		{755FEDB5-4C62-410B-8A5F-4072C72A025E}.Debug|Any CPU.Build.0 = Debug|Any CPU
		{755FEDB5-4C62-410B-8A5F-4072C72A025E}.Release|Any CPU.ActiveCfg = Release|Any CPU
		{755FEDB5-4C62-410B-8A5F-4072C72A025E}.Release|Any CPU.Build.0 = Release|Any CPU
		{9B86DDDD-435A-4C33-B97F-C5CDC928ACAA}.Debug|Any CPU.ActiveCfg = Debug|Any CPU
		{9B86DDDD-435A-4C33-B97F-C5CDC928ACAA}.Debug|Any CPU.Build.0 = Debug|Any CPU
		{9B86DDDD-435A-4C33-B97F-C5CDC928ACAA}.Release|Any CPU.ActiveCfg = Release|Any CPU
		{9B86DDDD-435A-4C33-B97F-C5CDC928ACAA}.Release|Any CPU.Build.0 = Release|Any CPU
		{762B5BB1-9143-4B5E-A38B-3354A95D42FF}.Debug|Any CPU.ActiveCfg = Debug|Any CPU
		{762B5BB1-9143-4B5E-A38B-3354A95D42FF}.Debug|Any CPU.Build.0 = Debug|Any CPU
		{762B5BB1-9143-4B5E-A38B-3354A95D42FF}.Release|Any CPU.ActiveCfg = Release|Any CPU
		{762B5BB1-9143-4B5E-A38B-3354A95D42FF}.Release|Any CPU.Build.0 = Release|Any CPU
	EndGlobalSection
	GlobalSection(SolutionProperties) = preSolution
		HideSolutionNode = FALSE
	EndGlobalSection
	GlobalSection(ExtensibilityGlobals) = postSolution
		SolutionGuid = {51CEEAFD-DE17-45D9-9CC2-BB635D7A2218}
	EndGlobalSection
EndGlobal
